
Microsoft Visual Studio Solution File, Format Version 12.00
# Visual Studio 15
Project("{FAE04EC0-301F-11D3-BF4B-00C04F79EFBC}") = "CustomPolicyAuthorization", "CustomPolicyAuthorization\CustomPolicyAuthorization.csproj", "{008883DE-20D2-4608-9D3C-BA1218A31707}"
EndProject
Project("{FAE04EC0-301F-11D3-BF4B-00C04F79EFBC}") = "JWTAuthenticationRSA", "JWTAuthenticationRSA\JWTAuthenticationRSA.csproj", "{07B7503A-BDC5-4D1A-AF96-E9BD32CD7D2C}"
EndProject
Global
	GlobalSection(SolutionConfigurationPlatforms) = preSolution
		Debug|Any CPU = Debug|Any CPU
		Release|Any CPU = Release|Any CPU
	EndGlobalSection
	GlobalSection(ProjectConfigurationPlatforms) = postSolution
		{008883DE-20D2-4608-9D3C-BA1218A31707}.Debug|Any CPU.ActiveCfg = Debug|Any CPU
		{008883DE-20D2-4608-9D3C-BA1218A31707}.Debug|Any CPU.Build.0 = Debug|Any CPU
		{008883DE-20D2-4608-9D3C-BA1218A31707}.Release|Any CPU.ActiveCfg = Release|Any CPU
		{008883DE-20D2-4608-9D3C-BA1218A31707}.Release|Any CPU.Build.0 = Release|Any CPU
		{07B7503A-BDC5-4D1A-AF96-E9BD32CD7D2C}.Debug|Any CPU.ActiveCfg = Debug|Any CPU
		{07B7503A-BDC5-4D1A-AF96-E9BD32CD7D2C}.Debug|Any CPU.Build.0 = Debug|Any CPU
		{07B7503A-BDC5-4D1A-AF96-E9BD32CD7D2C}.Release|Any CPU.ActiveCfg = Release|Any CPU
		{07B7503A-BDC5-4D1A-AF96-E9BD32CD7D2C}.Release|Any CPU.Build.0 = Release|Any CPU
	EndGlobalSection
EndGlobal
